
Microsoft Visual Studio Solution File, Format Version 12.00
# Visual Studio Version 16
VisualStudioVersion = 16.0.31729.503
MinimumVisualStudioVersion = 10.0.40219.1
Project("{FAE04EC0-301F-11D3-BF4B-00C04F79EFBC}") = "ApplicationParaTest", "ApplicationParaTest\ApplicationParaTest.csproj", "{548D82DB-772B-47FE-A754-7CD96C45C75D}"
EndProject
Project("{FAE04EC0-301F-11D3-BF4B-00C04F79EFBC}") = "ProjectTests", "ProjectTests\ProjectTests.csproj", "{B56E97CB-4BBF-4213-80F0-D595217D26D0}"
EndProject
Global
	GlobalSection(SolutionConfigurationPlatforms) = preSolution
		Debug|Any CPU = Debug|Any CPU
		Release|Any CPU = Release|Any CPU
	EndGlobalSection
	GlobalSection(ProjectConfigurationPlatforms) = postSolution
		{548D82DB-772B-47FE-A754-7CD96C45C75D}.Debug|Any CPU.ActiveCfg = Debug|Any CPU
		{548D82DB-772B-47FE-A754-7CD96C45C75D}.Debug|Any CPU.Build.0 = Debug|Any CPU
		{548D82DB-772B-47FE-A754-7CD96C45C75D}.Release|Any CPU.ActiveCfg = Release|Any CPU
		{548D82DB-772B-47FE-A754-7CD96C45C75D}.Release|Any CPU.Build.0 = Release|Any CPU
		{B56E97CB-4BBF-4213-80F0-D595217D26D0}.Debug|Any CPU.ActiveCfg = Debug|Any CPU
		{B56E97CB-4BBF-4213-80F0-D595217D26D0}.Debug|Any CPU.Build.0 = Debug|Any CPU
		{B56E97CB-4BBF-4213-80F0-D595217D26D0}.Release|Any CPU.ActiveCfg = Release|Any CPU
		{B56E97CB-4BBF-4213-80F0-D595217D26D0}.Release|Any CPU.Build.0 = Release|Any CPU
	EndGlobalSection
	GlobalSection(SolutionProperties) = preSolution
		HideSolutionNode = FALSE
	EndGlobalSection
	GlobalSection(ExtensibilityGlobals) = postSolution
		SolutionGuid = {102D297B-DC72-4639-A7DA-F2B66828EBFC}
	EndGlobalSection
EndGlobal
