
Microsoft Visual Studio Solution File, Format Version 12.00
# Visual Studio Version 16
VisualStudioVersion = 16.0.31729.503
MinimumVisualStudioVersion = 10.0.40219.1
Project("{FAE04EC0-301F-11D3-BF4B-00C04F79EFBC}") = "vista", "WindowsFormsApp1_Test\vista.csproj", "{01934BD4-5BFE-4EEC-87FF-7B216FE95BB6}"
EndProject
Project("{FAE04EC0-301F-11D3-BF4B-00C04F79EFBC}") = "modelo", "modelo\modelo.csproj", "{E6F7EBBD-1705-44EE-BAB2-C2CF4FD33111}"
EndProject
Project("{FAE04EC0-301F-11D3-BF4B-00C04F79EFBC}") = "controller", "controller\controller.csproj", "{67BB9569-6010-4C4E-919C-076B4B603940}"
EndProject
Global
	GlobalSection(SolutionConfigurationPlatforms) = preSolution
		Debug|Any CPU = Debug|Any CPU
		Release|Any CPU = Release|Any CPU
	EndGlobalSection
	GlobalSection(ProjectConfigurationPlatforms) = postSolution
		{01934BD4-5BFE-4EEC-87FF-7B216FE95BB6}.Debug|Any CPU.ActiveCfg = Debug|Any CPU
		{01934BD4-5BFE-4EEC-87FF-7B216FE95BB6}.Debug|Any CPU.Build.0 = Debug|Any CPU
		{01934BD4-5BFE-4EEC-87FF-7B216FE95BB6}.Release|Any CPU.ActiveCfg = Release|Any CPU
		{01934BD4-5BFE-4EEC-87FF-7B216FE95BB6}.Release|Any CPU.Build.0 = Release|Any CPU
		{E6F7EBBD-1705-44EE-BAB2-C2CF4FD33111}.Debug|Any CPU.ActiveCfg = Debug|Any CPU
		{E6F7EBBD-1705-44EE-BAB2-C2CF4FD33111}.Debug|Any CPU.Build.0 = Debug|Any CPU
		{E6F7EBBD-1705-44EE-BAB2-C2CF4FD33111}.Release|Any CPU.ActiveCfg = Release|Any CPU
		{E6F7EBBD-1705-44EE-BAB2-C2CF4FD33111}.Release|Any CPU.Build.0 = Release|Any CPU
		{67BB9569-6010-4C4E-919C-076B4B603940}.Debug|Any CPU.ActiveCfg = Debug|Any CPU
		{67BB9569-6010-4C4E-919C-076B4B603940}.Debug|Any CPU.Build.0 = Debug|Any CPU
		{67BB9569-6010-4C4E-919C-076B4B603940}.Release|Any CPU.ActiveCfg = Release|Any CPU
		{67BB9569-6010-4C4E-919C-076B4B603940}.Release|Any CPU.Build.0 = Release|Any CPU
	EndGlobalSection
	GlobalSection(SolutionProperties) = preSolution
		HideSolutionNode = FALSE
	EndGlobalSection
	GlobalSection(ExtensibilityGlobals) = postSolution
		SolutionGuid = {7B8E816F-F618-4180-A106-A77BA970DCAA}
	EndGlobalSection
EndGlobal
